
Microsoft Visual Studio Solution File, Format Version 12.00
# Visual Studio Version 16
VisualStudioVersion = 16.0.32802.440
MinimumVisualStudioVersion = 10.0.40219.1
Project("{FAE04EC0-301F-11D3-BF4B-00C04F79EFBC}") = "robocopier", "robocopier\robocopier.csproj", "{ACE230FA-152A-44BB-8499-E614AB200ECE}"
EndProject
Global
	GlobalSection(SolutionConfigurationPlatforms) = preSolution
		Debug|Any CPU = Debug|Any CPU
		Release|Any CPU = Release|Any CPU
	EndGlobalSection
	GlobalSection(ProjectConfigurationPlatforms) = postSolution
		{ACE230FA-152A-44BB-8499-E614AB200ECE}.Debug|Any CPU.ActiveCfg = Debug|Any CPU
		{ACE230FA-152A-44BB-8499-E614AB200ECE}.Debug|Any CPU.Build.0 = Debug|Any CPU
		{ACE230FA-152A-44BB-8499-E614AB200ECE}.Release|Any CPU.ActiveCfg = Release|Any CPU
		{ACE230FA-152A-44BB-8499-E614AB200ECE}.Release|Any CPU.Build.0 = Release|Any CPU
	EndGlobalSection
	GlobalSection(SolutionProperties) = preSolution
		HideSolutionNode = FALSE
	EndGlobalSection
	GlobalSection(ExtensibilityGlobals) = postSolution
		SolutionGuid = {593F487F-682A-46A3-812B-CDB309F25E47}
	EndGlobalSection
EndGlobal
